// !$*UTF8*$!
{
	archiveVersion = 1;
	classes = {
	};
	objectVersion = 56;
	objects = {

/* Begin PBXBuildFile section */
		1B86EF8D2957918700436AF6 /* UITextFieldExtension.swift in Sources */ = {isa = PBXBuildFile; fileRef = 1B86EF8C2957918700436AF6 /* UITextFieldExtension.swift */; };
		1B86EF8F29583D6C00436AF6 /* UIButtonExtension.swift in Sources */ = {isa = PBXBuildFile; fileRef = 1B86EF8E29583D6C00436AF6 /* UIButtonExtension.swift */; };
		1B86EF9229585C8500436AF6 /* TransactionCell.swift in Sources */ = {isa = PBXBuildFile; fileRef = 1B86EF9129585C8500436AF6 /* TransactionCell.swift */; };
		1B86EF9529585FE200436AF6 /* TransactionType.swift in Sources */ = {isa = PBXBuildFile; fileRef = 1B86EF9429585FE200436AF6 /* TransactionType.swift */; };
		1B86EF982958A1F600436AF6 /* Transcation.swift in Sources */ = {isa = PBXBuildFile; fileRef = 1B86EF972958A1F600436AF6 /* Transcation.swift */; };
		1B86EF9B2958B18800436AF6 /* NetworkService.swift in Sources */ = {isa = PBXBuildFile; fileRef = 1B86EF9A2958B18800436AF6 /* NetworkService.swift */; };
		1B86EF9D2958B25C00436AF6 /* BitcoinData.swift in Sources */ = {isa = PBXBuildFile; fileRef = 1B86EF9C2958B25C00436AF6 /* BitcoinData.swift */; };
		1B99DC3329576CF200E3152B /* ReplenishViewController.swift in Sources */ = {isa = PBXBuildFile; fileRef = 1B99DC3229576CF200E3152B /* ReplenishViewController.swift */; };
		1B99DC3629576D1400E3152B /* ReplenishView.swift in Sources */ = {isa = PBXBuildFile; fileRef = 1B99DC3529576D1400E3152B /* ReplenishView.swift */; };
		1BF6ED1A2957478500C31A04 /* AppDelegate.swift in Sources */ = {isa = PBXBuildFile; fileRef = 1BF6ED192957478500C31A04 /* AppDelegate.swift */; };
		1BF6ED1C2957478500C31A04 /* SceneDelegate.swift in Sources */ = {isa = PBXBuildFile; fileRef = 1BF6ED1B2957478500C31A04 /* SceneDelegate.swift */; };
		1BF6ED1E2957478500C31A04 /* InfoViewController.swift in Sources */ = {isa = PBXBuildFile; fileRef = 1BF6ED1D2957478500C31A04 /* InfoViewController.swift */; };
		1BF6ED232957478600C31A04 /* Assets.xcassets in Resources */ = {isa = PBXBuildFile; fileRef = 1BF6ED222957478600C31A04 /* Assets.xcassets */; };
		1BF6ED262957478600C31A04 /* LaunchScreen.storyboard in Resources */ = {isa = PBXBuildFile; fileRef = 1BF6ED242957478600C31A04 /* LaunchScreen.storyboard */; };
		1BF6ED33295748DC00C31A04 /* InfoView.swift in Sources */ = {isa = PBXBuildFile; fileRef = 1BF6ED32295748DC00C31A04 /* InfoView.swift */; };
		1BF6ED3929574DAE00C31A04 /* UIViewExtension.swift in Sources */ = {isa = PBXBuildFile; fileRef = 1BF6ED3829574DAE00C31A04 /* UIViewExtension.swift */; };
		1BF6ED3B29574F2900C31A04 /* UILabelExtension.swift in Sources */ = {isa = PBXBuildFile; fileRef = 1BF6ED3A29574F2900C31A04 /* UILabelExtension.swift */; };
		1BF9E1A1295766E4005B8AAE /* NewTransactionView.swift in Sources */ = {isa = PBXBuildFile; fileRef = 1BF9E1A0295766E4005B8AAE /* NewTransactionView.swift */; };
		1BF9E1A3295766F6005B8AAE /* NewTransactionViewController.swift in Sources */ = {isa = PBXBuildFile; fileRef = 1BF9E1A2295766F6005B8AAE /* NewTransactionViewController.swift */; };
/* End PBXBuildFile section */

/* Begin PBXFileReference section */
		1B86EF8C2957918700436AF6 /* UITextFieldExtension.swift */ = {isa = PBXFileReference; lastKnownFileType = sourcecode.swift; path = UITextFieldExtension.swift; sourceTree = "<group>"; };
		1B86EF8E29583D6C00436AF6 /* UIButtonExtension.swift */ = {isa = PBXFileReference; lastKnownFileType = sourcecode.swift; path = UIButtonExtension.swift; sourceTree = "<group>"; };
		1B86EF9129585C8500436AF6 /* TransactionCell.swift */ = {isa = PBXFileReference; lastKnownFileType = sourcecode.swift; path = TransactionCell.swift; sourceTree = "<group>"; };
		1B86EF9429585FE200436AF6 /* TransactionType.swift */ = {isa = PBXFileReference; lastKnownFileType = sourcecode.swift; path = TransactionType.swift; sourceTree = "<group>"; };
		1B86EF972958A1F600436AF6 /* Transcation.swift */ = {isa = PBXFileReference; lastKnownFileType = sourcecode.swift; path = Transcation.swift; sourceTree = "<group>"; };
		1B86EF9A2958B18800436AF6 /* NetworkService.swift */ = {isa = PBXFileReference; lastKnownFileType = sourcecode.swift; path = NetworkService.swift; sourceTree = "<group>"; };
		1B86EF9C2958B25C00436AF6 /* BitcoinData.swift */ = {isa = PBXFileReference; lastKnownFileType = sourcecode.swift; path = BitcoinData.swift; sourceTree = "<group>"; };
		1B99DC3229576CF200E3152B /* ReplenishViewController.swift */ = {isa = PBXFileReference; lastKnownFileType = sourcecode.swift; path = ReplenishViewController.swift; sourceTree = "<group>"; };
		1B99DC3529576D1400E3152B /* ReplenishView.swift */ = {isa = PBXFileReference; lastKnownFileType = sourcecode.swift; path = ReplenishView.swift; sourceTree = "<group>"; };
		1BF6ED162957478500C31A04 /* TransactionTracking.app */ = {isa = PBXFileReference; explicitFileType = wrapper.application; includeInIndex = 0; path = TransactionTracking.app; sourceTree = BUILT_PRODUCTS_DIR; };
		1BF6ED192957478500C31A04 /* AppDelegate.swift */ = {isa = PBXFileReference; lastKnownFileType = sourcecode.swift; path = AppDelegate.swift; sourceTree = "<group>"; };
		1BF6ED1B2957478500C31A04 /* SceneDelegate.swift */ = {isa = PBXFileReference; lastKnownFileType = sourcecode.swift; path = SceneDelegate.swift; sourceTree = "<group>"; };
		1BF6ED1D2957478500C31A04 /* InfoViewController.swift */ = {isa = PBXFileReference; lastKnownFileType = sourcecode.swift; path = InfoViewController.swift; sourceTree = "<group>"; };
		1BF6ED222957478600C31A04 /* Assets.xcassets */ = {isa = PBXFileReference; lastKnownFileType = folder.assetcatalog; path = Assets.xcassets; sourceTree = "<group>"; };
		1BF6ED252957478600C31A04 /* Base */ = {isa = PBXFileReference; lastKnownFileType = file.storyboard; name = Base; path = Base.lproj/LaunchScreen.storyboard; sourceTree = "<group>"; };
		1BF6ED272957478600C31A04 /* Info.plist */ = {isa = PBXFileReference; lastKnownFileType = text.plist.xml; path = Info.plist; sourceTree = "<group>"; };
		1BF6ED32295748DC00C31A04 /* InfoView.swift */ = {isa = PBXFileReference; lastKnownFileType = sourcecode.swift; path = InfoView.swift; sourceTree = "<group>"; };
		1BF6ED3829574DAE00C31A04 /* UIViewExtension.swift */ = {isa = PBXFileReference; lastKnownFileType = sourcecode.swift; path = UIViewExtension.swift; sourceTree = "<group>"; };
		1BF6ED3A29574F2900C31A04 /* UILabelExtension.swift */ = {isa = PBXFileReference; lastKnownFileType = sourcecode.swift; path = UILabelExtension.swift; sourceTree = "<group>"; };
		1BF9E1A0295766E4005B8AAE /* NewTransactionView.swift */ = {isa = PBXFileReference; lastKnownFileType = sourcecode.swift; path = NewTransactionView.swift; sourceTree = "<group>"; };
		1BF9E1A2295766F6005B8AAE /* NewTransactionViewController.swift */ = {isa = PBXFileReference; lastKnownFileType = sourcecode.swift; path = NewTransactionViewController.swift; sourceTree = "<group>"; };
/* End PBXFileReference section */

/* Begin PBXFrameworksBuildPhase section */
		1BF6ED132957478500C31A04 /* Frameworks */ = {
			isa = PBXFrameworksBuildPhase;
			buildActionMask = 2147483647;
			files = (
			);
			runOnlyForDeploymentPostprocessing = 0;
		};
/* End PBXFrameworksBuildPhase section */

/* Begin PBXGroup section */
		1B86EF9029585C6300436AF6 /* Cell */ = {
			isa = PBXGroup;
			children = (
				1B86EF9129585C8500436AF6 /* TransactionCell.swift */,
			);
			path = Cell;
			sourceTree = "<group>";
		};
		1B86EF9329585FCC00436AF6 /* Enum */ = {
			isa = PBXGroup;
			children = (
				1B86EF9429585FE200436AF6 /* TransactionType.swift */,
			);
			path = Enum;
			sourceTree = "<group>";
		};
		1B86EF962958A1E100436AF6 /* Data */ = {
			isa = PBXGroup;
			children = (
				1B86EF972958A1F600436AF6 /* Transcation.swift */,
				1B86EF9C2958B25C00436AF6 /* BitcoinData.swift */,
			);
			path = Data;
			sourceTree = "<group>";
		};
		1B86EF992958B04600436AF6 /* Network */ = {
			isa = PBXGroup;
			children = (
				1B86EF9A2958B18800436AF6 /* NetworkService.swift */,
			);
			path = Network;
			sourceTree = "<group>";
		};
		1B99DC3429576CF700E3152B /* Replenish */ = {
			isa = PBXGroup;
			children = (
				1B99DC3529576D1400E3152B /* ReplenishView.swift */,
				1B99DC3229576CF200E3152B /* ReplenishViewController.swift */,
			);
			path = Replenish;
			sourceTree = "<group>";
		};
		1BF6ED0D2957478400C31A04 = {
			isa = PBXGroup;
			children = (
				1BF6ED182957478500C31A04 /* TransactionTracking */,
				1BF6ED172957478500C31A04 /* Products */,
			);
			sourceTree = "<group>";
		};
		1BF6ED172957478500C31A04 /* Products */ = {
			isa = PBXGroup;
			children = (
				1BF6ED162957478500C31A04 /* TransactionTracking.app */,
			);
			name = Products;
			sourceTree = "<group>";
		};
		1BF6ED182957478500C31A04 /* TransactionTracking */ = {
			isa = PBXGroup;
			children = (
				1BF6ED2D2957486500C31A04 /* AppDelegates */,
				1BF6ED3729574D9500C31A04 /* Extensions */,
				1B86EF9329585FCC00436AF6 /* Enum */,
				1B86EF962958A1E100436AF6 /* Data */,
				1B86EF992958B04600436AF6 /* Network */,
				1BF6ED2E2957488100C31A04 /* StartApplication */,
				1BF6ED30295748AD00C31A04 /* MainApplication */,
				1BF6ED2F2957489D00C31A04 /* Assets */,
				1BF6ED272957478600C31A04 /* Info.plist */,
			);
			path = TransactionTracking;
			sourceTree = "<group>";
		};
		1BF6ED2D2957486500C31A04 /* AppDelegates */ = {
			isa = PBXGroup;
			children = (
				1BF6ED192957478500C31A04 /* AppDelegate.swift */,
				1BF6ED1B2957478500C31A04 /* SceneDelegate.swift */,
			);
			path = AppDelegates;
			sourceTree = "<group>";
		};
		1BF6ED2E2957488100C31A04 /* StartApplication */ = {
			isa = PBXGroup;
			children = (
				1BF6ED242957478600C31A04 /* LaunchScreen.storyboard */,
			);
			path = StartApplication;
			sourceTree = "<group>";
		};
		1BF6ED2F2957489D00C31A04 /* Assets */ = {
			isa = PBXGroup;
			children = (
				1BF6ED222957478600C31A04 /* Assets.xcassets */,
			);
			path = Assets;
			sourceTree = "<group>";
		};
		1BF6ED30295748AD00C31A04 /* MainApplication */ = {
			isa = PBXGroup;
			children = (
				1BF6ED31295748CB00C31A04 /* Info */,
				1BF9E19F295766BF005B8AAE /* NewTransaction */,
				1B99DC3429576CF700E3152B /* Replenish */,
			);
			path = MainApplication;
			sourceTree = "<group>";
		};
		1BF6ED31295748CB00C31A04 /* Info */ = {
			isa = PBXGroup;
			children = (
				1B86EF9029585C6300436AF6 /* Cell */,
				1BF6ED32295748DC00C31A04 /* InfoView.swift */,
				1BF6ED1D2957478500C31A04 /* InfoViewController.swift */,
			);
			path = Info;
			sourceTree = "<group>";
		};
		1BF6ED3729574D9500C31A04 /* Extensions */ = {
			isa = PBXGroup;
			children = (
				1BF6ED3829574DAE00C31A04 /* UIViewExtension.swift */,
				1BF6ED3A29574F2900C31A04 /* UILabelExtension.swift */,
				1B86EF8C2957918700436AF6 /* UITextFieldExtension.swift */,
				1B86EF8E29583D6C00436AF6 /* UIButtonExtension.swift */,
			);
			path = Extensions;
			sourceTree = "<group>";
		};
		1BF9E19F295766BF005B8AAE /* NewTransaction */ = {
			isa = PBXGroup;
			children = (
				1BF9E1A0295766E4005B8AAE /* NewTransactionView.swift */,
				1BF9E1A2295766F6005B8AAE /* NewTransactionViewController.swift */,
			);
			path = NewTransaction;
			sourceTree = "<group>";
		};
/* End PBXGroup section */

/* Begin PBXNativeTarget section */
		1BF6ED152957478500C31A04 /* TransactionTracking */ = {
			isa = PBXNativeTarget;
			buildConfigurationList = 1BF6ED2A2957478600C31A04 /* Build configuration list for PBXNativeTarget "TransactionTracking" */;
			buildPhases = (
				1BF6ED122957478500C31A04 /* Sources */,
				1BF6ED132957478500C31A04 /* Frameworks */,
				1BF6ED142957478500C31A04 /* Resources */,
			);
			buildRules = (
			);
			dependencies = (
			);
			name = TransactionTracking;
			packageProductDependencies = (
			);
			productName = TransactionTracking;
			productReference = 1BF6ED162957478500C31A04 /* TransactionTracking.app */;
			productType = "com.apple.product-type.application";
		};
/* End PBXNativeTarget section */

/* Begin PBXProject section */
		1BF6ED0E2957478400C31A04 /* Project object */ = {
			isa = PBXProject;
			attributes = {
				BuildIndependentTargetsInParallel = 1;
				LastSwiftUpdateCheck = 1420;
				LastUpgradeCheck = 1420;
				TargetAttributes = {
					1BF6ED152957478500C31A04 = {
						CreatedOnToolsVersion = 14.2;
					};
				};
			};
			buildConfigurationList = 1BF6ED112957478500C31A04 /* Build configuration list for PBXProject "TransactionTracking" */;
			compatibilityVersion = "Xcode 14.0";
			developmentRegion = en;
			hasScannedForEncodings = 0;
			knownRegions = (
				en,
				Base,
			);
			mainGroup = 1BF6ED0D2957478400C31A04;
			packageReferences = (
			);
			productRefGroup = 1BF6ED172957478500C31A04 /* Products */;
			projectDirPath = "";
			projectRoot = "";
			targets = (
				1BF6ED152957478500C31A04 /* TransactionTracking */,
			);
		};
/* End PBXProject section */

/* Begin PBXResourcesBuildPhase section */
		1BF6ED142957478500C31A04 /* Resources */ = {
			isa = PBXResourcesBuildPhase;
			buildActionMask = 2147483647;
			files = (
				1BF6ED262957478600C31A04 /* LaunchScreen.storyboard in Resources */,
				1BF6ED232957478600C31A04 /* Assets.xcassets in Resources */,
			);
			runOnlyForDeploymentPostprocessing = 0;
		};
/* End PBXResourcesBuildPhase section */

/* Begin PBXSourcesBuildPhase section */
		1BF6ED122957478500C31A04 /* Sources */ = {
			isa = PBXSourcesBuildPhase;
			buildActionMask = 2147483647;
			files = (
				1BF6ED3929574DAE00C31A04 /* UIViewExtension.swift in Sources */,
				1BF6ED33295748DC00C31A04 /* InfoView.swift in Sources */,
				1B86EF9D2958B25C00436AF6 /* BitcoinData.swift in Sources */,
				1BF6ED1E2957478500C31A04 /* InfoViewController.swift in Sources */,
				1B86EF982958A1F600436AF6 /* Transcation.swift in Sources */,
				1B99DC3629576D1400E3152B /* ReplenishView.swift in Sources */,
				1BF9E1A1295766E4005B8AAE /* NewTransactionView.swift in Sources */,
				1B86EF8F29583D6C00436AF6 /* UIButtonExtension.swift in Sources */,
				1B86EF9529585FE200436AF6 /* TransactionType.swift in Sources */,
				1B86EF8D2957918700436AF6 /* UITextFieldExtension.swift in Sources */,
				1BF9E1A3295766F6005B8AAE /* NewTransactionViewController.swift in Sources */,
				1B86EF9B2958B18800436AF6 /* NetworkService.swift in Sources */,
				1BF6ED1A2957478500C31A04 /* AppDelegate.swift in Sources */,
				1B86EF9229585C8500436AF6 /* TransactionCell.swift in Sources */,
				1BF6ED3B29574F2900C31A04 /* UILabelExtension.swift in Sources */,
				1B99DC3329576CF200E3152B /* ReplenishViewController.swift in Sources */,
				1BF6ED1C2957478500C31A04 /* SceneDelegate.swift in Sources */,
			);
			runOnlyForDeploymentPostprocessing = 0;
		};
/* End PBXSourcesBuildPhase section */

/* Begin PBXVariantGroup section */
		1BF6ED242957478600C31A04 /* LaunchScreen.storyboard */ = {
			isa = PBXVariantGroup;
			children = (
				1BF6ED252957478600C31A04 /* Base */,
			);
			name = LaunchScreen.storyboard;
			sourceTree = "<group>";
		};
/* End PBXVariantGroup section */

/* Begin XCBuildConfiguration section */
		1BF6ED282957478600C31A04 /* Debug */ = {
			isa = XCBuildConfiguration;
			buildSettings = {
				ALWAYS_SEARCH_USER_PATHS = NO;
				CLANG_ANALYZER_NONNULL = YES;
				CLANG_ANALYZER_NUMBER_OBJECT_CONVERSION = YES_AGGRESSIVE;
				CLANG_CXX_LANGUAGE_STANDARD = "gnu++20";
				CLANG_ENABLE_MODULES = YES;
				CLANG_ENABLE_OBJC_ARC = YES;
				CLANG_ENABLE_OBJC_WEAK = YES;
				CLANG_WARN_BLOCK_CAPTURE_AUTORELEASING = YES;
				CLANG_WARN_BOOL_CONVERSION = YES;
				CLANG_WARN_COMMA = YES;
				CLANG_WARN_CONSTANT_CONVERSION = YES;
				CLANG_WARN_DEPRECATED_OBJC_IMPLEMENTATIONS = YES;
				CLANG_WARN_DIRECT_OBJC_ISA_USAGE = YES_ERROR;
				CLANG_WARN_DOCUMENTATION_COMMENTS = YES;
				CLANG_WARN_EMPTY_BODY = YES;
				CLANG_WARN_ENUM_CONVERSION = YES;
				CLANG_WARN_INFINITE_RECURSION = YES;
				CLANG_WARN_INT_CONVERSION = YES;
				CLANG_WARN_NON_LITERAL_NULL_CONVERSION = YES;
				CLANG_WARN_OBJC_IMPLICIT_RETAIN_SELF = YES;
				CLANG_WARN_OBJC_LITERAL_CONVERSION = YES;
				CLANG_WARN_OBJC_ROOT_CLASS = YES_ERROR;
				CLANG_WARN_QUOTED_INCLUDE_IN_FRAMEWORK_HEADER = YES;
				CLANG_WARN_RANGE_LOOP_ANALYSIS = YES;
				CLANG_WARN_STRICT_PROTOTYPES = YES;
				CLANG_WARN_SUSPICIOUS_MOVE = YES;
				CLANG_WARN_UNGUARDED_AVAILABILITY = YES_AGGRESSIVE;
				CLANG_WARN_UNREACHABLE_CODE = YES;
				CLANG_WARN__DUPLICATE_METHOD_MATCH = YES;
				COPY_PHASE_STRIP = NO;
				DEBUG_INFORMATION_FORMAT = dwarf;
				ENABLE_STRICT_OBJC_MSGSEND = YES;
				ENABLE_TESTABILITY = YES;
				GCC_C_LANGUAGE_STANDARD = gnu11;
				GCC_DYNAMIC_NO_PIC = NO;
				GCC_NO_COMMON_BLOCKS = YES;
				GCC_OPTIMIZATION_LEVEL = 0;
				GCC_PREPROCESSOR_DEFINITIONS = (
					"DEBUG=1",
					"$(inherited)",
				);
				GCC_WARN_64_TO_32_BIT_CONVERSION = YES;
				GCC_WARN_ABOUT_RETURN_TYPE = YES_ERROR;
				GCC_WARN_UNDECLARED_SELECTOR = YES;
				GCC_WARN_UNINITIALIZED_AUTOS = YES_AGGRESSIVE;
				GCC_WARN_UNUSED_FUNCTION = YES;
				GCC_WARN_UNUSED_VARIABLE = YES;
				IPHONEOS_DEPLOYMENT_TARGET = 16.2;
				MTL_ENABLE_DEBUG_INFO = INCLUDE_SOURCE;
				MTL_FAST_MATH = YES;
				ONLY_ACTIVE_ARCH = YES;
				SDKROOT = iphoneos;
				SWIFT_ACTIVE_COMPILATION_CONDITIONS = DEBUG;
				SWIFT_OPTIMIZATION_LEVEL = "-Onone";
			};
			name = Debug;
		};
		1BF6ED292957478600C31A04 /* Release */ = {
			isa = XCBuildConfiguration;
			buildSettings = {
				ALWAYS_SEARCH_USER_PATHS = NO;
				CLANG_ANALYZER_NONNULL = YES;
				CLANG_ANALYZER_NUMBER_OBJECT_CONVERSION = YES_AGGRESSIVE;
				CLANG_CXX_LANGUAGE_STANDARD = "gnu++20";
				CLANG_ENABLE_MODULES = YES;
				CLANG_ENABLE_OBJC_ARC = YES;
				CLANG_ENABLE_OBJC_WEAK = YES;
				CLANG_WARN_BLOCK_CAPTURE_AUTORELEASING = YES;
				CLANG_WARN_BOOL_CONVERSION = YES;
				CLANG_WARN_COMMA = YES;
				CLANG_WARN_CONSTANT_CONVERSION = YES;
				CLANG_WARN_DEPRECATED_OBJC_IMPLEMENTATIONS = YES;
				CLANG_WARN_DIRECT_OBJC_ISA_USAGE = YES_ERROR;
				CLANG_WARN_DOCUMENTATION_COMMENTS = YES;
				CLANG_WARN_EMPTY_BODY = YES;
				CLANG_WARN_ENUM_CONVERSION = YES;
				CLANG_WARN_INFINITE_RECURSION = YES;
				CLANG_WARN_INT_CONVERSION = YES;
				CLANG_WARN_NON_LITERAL_NULL_CONVERSION = YES;
				CLANG_WARN_OBJC_IMPLICIT_RETAIN_SELF = YES;
				CLANG_WARN_OBJC_LITERAL_CONVERSION = YES;
				CLANG_WARN_OBJC_ROOT_CLASS = YES_ERROR;
				CLANG_WARN_QUOTED_INCLUDE_IN_FRAMEWORK_HEADER = YES;
				CLANG_WARN_RANGE_LOOP_ANALYSIS = YES;
				CLANG_WARN_STRICT_PROTOTYPES = YES;
				CLANG_WARN_SUSPICIOUS_MOVE = YES;
				CLANG_WARN_UNGUARDED_AVAILABILITY = YES_AGGRESSIVE;
				CLANG_WARN_UNREACHABLE_CODE = YES;
				CLANG_WARN__DUPLICATE_METHOD_MATCH = YES;
				COPY_PHASE_STRIP = NO;
				DEBUG_INFORMATION_FORMAT = "dwarf-with-dsym";
				ENABLE_NS_ASSERTIONS = NO;
				ENABLE_STRICT_OBJC_MSGSEND = YES;
				GCC_C_LANGUAGE_STANDARD = gnu11;
				GCC_NO_COMMON_BLOCKS = YES;
				GCC_WARN_64_TO_32_BIT_CONVERSION = YES;
				GCC_WARN_ABOUT_RETURN_TYPE = YES_ERROR;
				GCC_WARN_UNDECLARED_SELECTOR = YES;
				GCC_WARN_UNINITIALIZED_AUTOS = YES_AGGRESSIVE;
				GCC_WARN_UNUSED_FUNCTION = YES;
				GCC_WARN_UNUSED_VARIABLE = YES;
				IPHONEOS_DEPLOYMENT_TARGET = 16.2;
				MTL_ENABLE_DEBUG_INFO = NO;
				MTL_FAST_MATH = YES;
				SDKROOT = iphoneos;
				SWIFT_COMPILATION_MODE = wholemodule;
				SWIFT_OPTIMIZATION_LEVEL = "-O";
				VALIDATE_PRODUCT = YES;
			};
			name = Release;
		};
		1BF6ED2B2957478600C31A04 /* Debug */ = {
			isa = XCBuildConfiguration;
			buildSettings = {
				ASSETCATALOG_COMPILER_APPICON_NAME = AppIcon;
				ASSETCATALOG_COMPILER_GLOBAL_ACCENT_COLOR_NAME = AccentColor;
				CODE_SIGN_STYLE = Automatic;
				CURRENT_PROJECT_VERSION = 1;
				DEVELOPMENT_TEAM = YX6DWV484Z;
				GENERATE_INFOPLIST_FILE = YES;
				INFOPLIST_FILE = TransactionTracking/Info.plist;
				INFOPLIST_KEY_UIApplicationSupportsIndirectInputEvents = YES;
				INFOPLIST_KEY_UILaunchStoryboardName = LaunchScreen.storyboard;
				INFOPLIST_KEY_UISupportedInterfaceOrientations_iPad = "UIInterfaceOrientationPortrait UIInterfaceOrientationPortraitUpsideDown UIInterfaceOrientationLandscapeLeft UIInterfaceOrientationLandscapeRight";
				INFOPLIST_KEY_UISupportedInterfaceOrientations_iPhone = "UIInterfaceOrientationPortrait UIInterfaceOrientationLandscapeLeft UIInterfaceOrientationLandscapeRight";
				IPHONEOS_DEPLOYMENT_TARGET = 15.0;
				LD_RUNPATH_SEARCH_PATHS = (
					"$(inherited)",
					"@executable_path/Frameworks",
				);
				MARKETING_VERSION = 1.0;
				PRODUCT_BUNDLE_IDENTIFIER = EvgenyTarakin.TransactionTracking;
				PRODUCT_NAME = "$(TARGET_NAME)";
				SWIFT_EMIT_LOC_STRINGS = YES;
				SWIFT_VERSION = 5.0;
				TARGETED_DEVICE_FAMILY = "1,2";
			};
			name = Debug;
		};
		1BF6ED2C2957478600C31A04 /* Release */ = {
			isa = XCBuildConfiguration;
			buildSettings = {
				ASSETCATALOG_COMPILER_APPICON_NAME = AppIcon;
				ASSETCATALOG_COMPILER_GLOBAL_ACCENT_COLOR_NAME = AccentColor;
				CODE_SIGN_STYLE = Automatic;
				CURRENT_PROJECT_VERSION = 1;
				DEVELOPMENT_TEAM = YX6DWV484Z;
				GENERATE_INFOPLIST_FILE = YES;
				INFOPLIST_FILE = TransactionTracking/Info.plist;
				INFOPLIST_KEY_UIApplicationSupportsIndirectInputEvents = YES;
				INFOPLIST_KEY_UILaunchStoryboardName = LaunchScreen.storyboard;
				INFOPLIST_KEY_UISupportedInterfaceOrientations_iPad = "UIInterfaceOrientationPortrait UIInterfaceOrientationPortraitUpsideDown UIInterfaceOrientationLandscapeLeft UIInterfaceOrientationLandscapeRight";
				INFOPLIST_KEY_UISupportedInterfaceOrientations_iPhone = "UIInterfaceOrientationPortrait UIInterfaceOrientationLandscapeLeft UIInterfaceOrientationLandscapeRight";
				IPHONEOS_DEPLOYMENT_TARGET = 15.0;
				LD_RUNPATH_SEARCH_PATHS = (
					"$(inherited)",
					"@executable_path/Frameworks",
				);
				MARKETING_VERSION = 1.0;
				PRODUCT_BUNDLE_IDENTIFIER = EvgenyTarakin.TransactionTracking;
				PRODUCT_NAME = "$(TARGET_NAME)";
				SWIFT_EMIT_LOC_STRINGS = YES;
				SWIFT_VERSION = 5.0;
				TARGETED_DEVICE_FAMILY = "1,2";
			};
			name = Release;
		};
/* End XCBuildConfiguration section */

/* Begin XCConfigurationList section */
		1BF6ED112957478500C31A04 /* Build configuration list for PBXProject "TransactionTracking" */ = {
			isa = XCConfigurationList;
			buildConfigurations = (
				1BF6ED282957478600C31A04 /* Debug */,
				1BF6ED292957478600C31A04 /* Release */,
			);
			defaultConfigurationIsVisible = 0;
			defaultConfigurationName = Release;
		};
		1BF6ED2A2957478600C31A04 /* Build configuration list for PBXNativeTarget "TransactionTracking" */ = {
			isa = XCConfigurationList;
			buildConfigurations = (
				1BF6ED2B2957478600C31A04 /* Debug */,
				1BF6ED2C2957478600C31A04 /* Release */,
			);
			defaultConfigurationIsVisible = 0;
			defaultConfigurationName = Release;
		};
/* End XCConfigurationList section */
	};
	rootObject = 1BF6ED0E2957478400C31A04 /* Project object */;
}
